
Microsoft Visual Studio Solution File, Format Version 12.00
# Visual Studio Version 17
VisualStudioVersion = 17.5.33627.172
MinimumVisualStudioVersion = 10.0.40219.1
Project("{FAE04EC0-301F-11D3-BF4B-00C04F79EFBC}") = "Database", "Database\Database.csproj", "{F4AB844F-05A9-4511-A4D5-3DA42A655CBA}"
EndProject
Project("{FAE04EC0-301F-11D3-BF4B-00C04F79EFBC}") = "Negocio", "Negocio\Negocio.csproj", "{49E195F0-CD68-4D7A-A5E5-C7A2FC16B2EB}"
EndProject
Project("{FAE04EC0-301F-11D3-BF4B-00C04F79EFBC}") = "WebAPI", "WebAPI\WebAPI.csproj", "{601399C0-9E7C-43A8-BBE6-0056E0FC324E}"
EndProject
Project("{FAE04EC0-301F-11D3-BF4B-00C04F79EFBC}") = "WebApp", "WebApp\WebApp.csproj", "{BE2F0BDA-F823-4A54-813E-87F1A77F04D0}"
EndProject
Global
	GlobalSection(SolutionConfigurationPlatforms) = preSolution
		Debug|Any CPU = Debug|Any CPU
		Release|Any CPU = Release|Any CPU
	EndGlobalSection
	GlobalSection(ProjectConfigurationPlatforms) = postSolution
		{F4AB844F-05A9-4511-A4D5-3DA42A655CBA}.Debug|Any CPU.ActiveCfg = Debug|Any CPU
		{F4AB844F-05A9-4511-A4D5-3DA42A655CBA}.Debug|Any CPU.Build.0 = Debug|Any CPU
		{F4AB844F-05A9-4511-A4D5-3DA42A655CBA}.Release|Any CPU.ActiveCfg = Release|Any CPU
		{F4AB844F-05A9-4511-A4D5-3DA42A655CBA}.Release|Any CPU.Build.0 = Release|Any CPU
		{49E195F0-CD68-4D7A-A5E5-C7A2FC16B2EB}.Debug|Any CPU.ActiveCfg = Debug|Any CPU
		{49E195F0-CD68-4D7A-A5E5-C7A2FC16B2EB}.Debug|Any CPU.Build.0 = Debug|Any CPU
		{49E195F0-CD68-4D7A-A5E5-C7A2FC16B2EB}.Release|Any CPU.ActiveCfg = Release|Any CPU
		{49E195F0-CD68-4D7A-A5E5-C7A2FC16B2EB}.Release|Any CPU.Build.0 = Release|Any CPU
		{601399C0-9E7C-43A8-BBE6-0056E0FC324E}.Debug|Any CPU.ActiveCfg = Debug|Any CPU
		{601399C0-9E7C-43A8-BBE6-0056E0FC324E}.Debug|Any CPU.Build.0 = Debug|Any CPU
		{601399C0-9E7C-43A8-BBE6-0056E0FC324E}.Release|Any CPU.ActiveCfg = Release|Any CPU
		{601399C0-9E7C-43A8-BBE6-0056E0FC324E}.Release|Any CPU.Build.0 = Release|Any CPU
		{BE2F0BDA-F823-4A54-813E-87F1A77F04D0}.Debug|Any CPU.ActiveCfg = Debug|Any CPU
		{BE2F0BDA-F823-4A54-813E-87F1A77F04D0}.Debug|Any CPU.Build.0 = Debug|Any CPU
		{BE2F0BDA-F823-4A54-813E-87F1A77F04D0}.Release|Any CPU.ActiveCfg = Release|Any CPU
		{BE2F0BDA-F823-4A54-813E-87F1A77F04D0}.Release|Any CPU.Build.0 = Release|Any CPU
	EndGlobalSection
	GlobalSection(SolutionProperties) = preSolution
		HideSolutionNode = FALSE
	EndGlobalSection
	GlobalSection(ExtensibilityGlobals) = postSolution
		SolutionGuid = {9D8536E8-7DE2-44F3-ABBF-5ADF337776AC}
	EndGlobalSection
EndGlobal
